# This file is automatically @generated by Cargo.
# It is not intended for manual editing.
version = 4

[[package]]
name = "mpk-cert"
version = "0.1.0"
dependencies = [
 "mpk-core",
]

[[package]]
name = "mpk-cli"
version = "0.1.0"
dependencies = [
 "mpk-kernel",
]

[[package]]
name = "mpk-core"
version = "0.1.0"

[[package]]
name = "mpk-kernel"
version = "0.1.0"
dependencies = [
 "mpk-cert",
 "mpk-core",
]
